
Microsoft Visual Studio Solution File, Format Version 12.00
# Visual Studio Version 17
VisualStudioVersion = 17.4.33110.190
MinimumVisualStudioVersion = 10.0.40219.1
Project("{9A19103F-16F7-4668-BE54-9A1E7A4F7556}") = "Our.Umbraco.DictionaryLocalizer", "Our.Umbraco.DictionaryLocalizer\Our.Umbraco.DictionaryLocalizer.csproj", "{23A2DFFC-EB2C-4199-95EE-27D0C7BD8CE0}"
EndProject
Project("{2150E333-8FDC-42A3-9474-1A3956D46DE8}") = "Solution", "Solution", "{815D2E18-EC3F-41CA-B700-07D79D56D2A8}"
EndProject
Project("{9A19103F-16F7-4668-BE54-9A1E7A4F7556}") = "Our.Umbraco.DictionaryLocalizer.Website", "Our.Umbraco.DictionaryLocalizer.Website\Our.Umbraco.DictionaryLocalizer.Website.csproj", "{082C2662-2B9A-4CF3-87C0-94FC4925C167}"
EndProject
Global
	GlobalSection(SolutionConfigurationPlatforms) = preSolution
		Debug|Any CPU = Debug|Any CPU
		Release|Any CPU = Release|Any CPU
	EndGlobalSection
	GlobalSection(ProjectConfigurationPlatforms) = postSolution
		{23A2DFFC-EB2C-4199-95EE-27D0C7BD8CE0}.Debug|Any CPU.ActiveCfg = Debug|Any CPU
		{23A2DFFC-EB2C-4199-95EE-27D0C7BD8CE0}.Debug|Any CPU.Build.0 = Debug|Any CPU
		{23A2DFFC-EB2C-4199-95EE-27D0C7BD8CE0}.Release|Any CPU.ActiveCfg = Release|Any CPU
		{23A2DFFC-EB2C-4199-95EE-27D0C7BD8CE0}.Release|Any CPU.Build.0 = Release|Any CPU
		{082C2662-2B9A-4CF3-87C0-94FC4925C167}.Debug|Any CPU.ActiveCfg = Debug|Any CPU
		{082C2662-2B9A-4CF3-87C0-94FC4925C167}.Debug|Any CPU.Build.0 = Debug|Any CPU
		{082C2662-2B9A-4CF3-87C0-94FC4925C167}.Release|Any CPU.ActiveCfg = Release|Any CPU
		{082C2662-2B9A-4CF3-87C0-94FC4925C167}.Release|Any CPU.Build.0 = Release|Any CPU
	EndGlobalSection
	GlobalSection(SolutionProperties) = preSolution
		HideSolutionNode = FALSE
	EndGlobalSection
	GlobalSection(ExtensibilityGlobals) = postSolution
		SolutionGuid = {DB32463D-E537-4A97-97A8-22F059D37291}
	EndGlobalSection
EndGlobal
