
Microsoft Visual Studio Solution File, Format Version 12.00
# Visual Studio Version 17
VisualStudioVersion = 17.4.33110.190
MinimumVisualStudioVersion = 10.0.40219.1
Project("{2150E333-8FDC-42A3-9474-1A3956D46DE8}") = "Solution", "Solution", "{815D2E18-EC3F-41CA-B700-07D79D56D2A8}"
	ProjectSection(SolutionItems) = preProject
		.gitignore = .gitignore
		README.md = README.md
	EndProjectSection
EndProject
Project("{9A19103F-16F7-4668-BE54-9A1E7A4F7556}") = "Umbraco11.Website", "Umbraco11.Website\Umbraco11.Website.csproj", "{607FF98B-B030-4A83-8243-AD078E79AEB9}"
EndProject
Project("{9A19103F-16F7-4668-BE54-9A1E7A4F7556}") = "Umbraco10.Website", "Umbraco10.Website\Umbraco10.Website.csproj", "{917492F8-421C-44D2-A0CD-9CB9D0AE4969}"
EndProject
Project("{FAE04EC0-301F-11D3-BF4B-00C04F79EFBC}") = "Umbraco10-0-0.Website", "Umbraco10-0-0.Website\Umbraco10-0-0.Website.csproj", "{67FF6D21-E6AE-47D7-B9D5-C3D46A97E26C}"
EndProject
Global
	GlobalSection(SolutionConfigurationPlatforms) = preSolution
		Debug|Any CPU = Debug|Any CPU
		Release|Any CPU = Release|Any CPU
	EndGlobalSection
	GlobalSection(ProjectConfigurationPlatforms) = postSolution
		{607FF98B-B030-4A83-8243-AD078E79AEB9}.Debug|Any CPU.ActiveCfg = Debug|Any CPU
		{607FF98B-B030-4A83-8243-AD078E79AEB9}.Debug|Any CPU.Build.0 = Debug|Any CPU
		{607FF98B-B030-4A83-8243-AD078E79AEB9}.Release|Any CPU.ActiveCfg = Release|Any CPU
		{607FF98B-B030-4A83-8243-AD078E79AEB9}.Release|Any CPU.Build.0 = Release|Any CPU
		{917492F8-421C-44D2-A0CD-9CB9D0AE4969}.Debug|Any CPU.ActiveCfg = Debug|Any CPU
		{917492F8-421C-44D2-A0CD-9CB9D0AE4969}.Debug|Any CPU.Build.0 = Debug|Any CPU
		{917492F8-421C-44D2-A0CD-9CB9D0AE4969}.Release|Any CPU.ActiveCfg = Release|Any CPU
		{917492F8-421C-44D2-A0CD-9CB9D0AE4969}.Release|Any CPU.Build.0 = Release|Any CPU
		{67FF6D21-E6AE-47D7-B9D5-C3D46A97E26C}.Debug|Any CPU.ActiveCfg = Debug|Any CPU
		{67FF6D21-E6AE-47D7-B9D5-C3D46A97E26C}.Debug|Any CPU.Build.0 = Debug|Any CPU
		{67FF6D21-E6AE-47D7-B9D5-C3D46A97E26C}.Release|Any CPU.ActiveCfg = Release|Any CPU
		{67FF6D21-E6AE-47D7-B9D5-C3D46A97E26C}.Release|Any CPU.Build.0 = Release|Any CPU
	EndGlobalSection
	GlobalSection(SolutionProperties) = preSolution
		HideSolutionNode = FALSE
	EndGlobalSection
	GlobalSection(ExtensibilityGlobals) = postSolution
		SolutionGuid = {DB32463D-E537-4A97-97A8-22F059D37291}
	EndGlobalSection
EndGlobal
