
Microsoft Visual Studio Solution File, Format Version 12.00
# Visual Studio Version 17
VisualStudioVersion = 17.4.33110.190
MinimumVisualStudioVersion = 10.0.40219.1
Project("{2150E333-8FDC-42A3-9474-1A3956D46DE8}") = "Solution", "Solution", "{815D2E18-EC3F-41CA-B700-07D79D56D2A8}"
	ProjectSection(SolutionItems) = preProject
		.gitignore = .gitignore
		README.md = README.md
	EndProjectSection
EndProject
Project("{FAE04EC0-301F-11D3-BF4B-00C04F79EFBC}") = "Umbraco13.Website", "Umbraco13.Website\Umbraco13.Website.csproj", "{E9E58E7F-D7D1-40A6-81B0-8CC2484AD4D9}"
EndProject
Global
	GlobalSection(SolutionConfigurationPlatforms) = preSolution
		Debug|Any CPU = Debug|Any CPU
		Release|Any CPU = Release|Any CPU
	EndGlobalSection
	GlobalSection(ProjectConfigurationPlatforms) = postSolution
		{E9E58E7F-D7D1-40A6-81B0-8CC2484AD4D9}.Debug|Any CPU.ActiveCfg = Debug|Any CPU
		{E9E58E7F-D7D1-40A6-81B0-8CC2484AD4D9}.Debug|Any CPU.Build.0 = Debug|Any CPU
		{E9E58E7F-D7D1-40A6-81B0-8CC2484AD4D9}.Release|Any CPU.ActiveCfg = Release|Any CPU
		{E9E58E7F-D7D1-40A6-81B0-8CC2484AD4D9}.Release|Any CPU.Build.0 = Release|Any CPU
	EndGlobalSection
	GlobalSection(SolutionProperties) = preSolution
		HideSolutionNode = FALSE
	EndGlobalSection
	GlobalSection(ExtensibilityGlobals) = postSolution
		SolutionGuid = {DB32463D-E537-4A97-97A8-22F059D37291}
	EndGlobalSection
EndGlobal
